// !$*UTF8*$!
{
	archiveVersion = 1;
	classes = {
	};
	objectVersion = 46;
	objects = {

/* Begin PBXBuildFile section */
		262A29FF1D1CDEBC00218B8B /* main.m in Sources */ = {isa = PBXBuildFile; fileRef = 262A29FE1D1CDEBC00218B8B /* main.m */; };
		262A2A021D1CDEBC00218B8B /* AppDelegate.m in Sources */ = {isa = PBXBuildFile; fileRef = 262A2A011D1CDEBC00218B8B /* AppDelegate.m */; };
		262A2A051D1CDEBC00218B8B /* ViewController.m in Sources */ = {isa = PBXBuildFile; fileRef = 262A2A041D1CDEBC00218B8B /* ViewController.m */; };
		262A2A081D1CDEBC00218B8B /* Main.storyboard in Resources */ = {isa = PBXBuildFile; fileRef = 262A2A061D1CDEBC00218B8B /* Main.storyboard */; };
		262A2A0A1D1CDEBC00218B8B /* Assets.xcassets in Resources */ = {isa = PBXBuildFile; fileRef = 262A2A091D1CDEBC00218B8B /* Assets.xcassets */; };
		262A2A0D1D1CDEBC00218B8B /* LaunchScreen.storyboard in Resources */ = {isa = PBXBuildFile; fileRef = 262A2A0B1D1CDEBC00218B8B /* LaunchScreen.storyboard */; };
		262A2A181D1CDEBC00218B8B /* NetWorkStatusTests.m in Sources */ = {isa = PBXBuildFile; fileRef = 262A2A171D1CDEBC00218B8B /* NetWorkStatusTests.m */; };
		262A2A231D1CDEBC00218B8B /* NetWorkStatusUITests.m in Sources */ = {isa = PBXBuildFile; fileRef = 262A2A221D1CDEBC00218B8B /* NetWorkStatusUITests.m */; };
		262A2A331D1CDEC800218B8B /* Reachability.m in Sources */ = {isa = PBXBuildFile; fileRef = 262A2A321D1CDEC800218B8B /* Reachability.m */; };
		262A2A371D1D0AF900218B8B /* YQNetworkStatus.m in Sources */ = {isa = PBXBuildFile; fileRef = 262A2A361D1D0AF900218B8B /* YQNetworkStatus.m */; };
		2694D8F31D20C0AA00112033 /* Viewcontroller1.m in Sources */ = {isa = PBXBuildFile; fileRef = 2694D8F21D20C0AA00112033 /* Viewcontroller1.m */; };
/* End PBXBuildFile section */

/* Begin PBXContainerItemProxy section */
		262A2A141D1CDEBC00218B8B /* PBXContainerItemProxy */ = {
			isa = PBXContainerItemProxy;
			containerPortal = 262A29F21D1CDEBC00218B8B /* Project object */;
			proxyType = 1;
			remoteGlobalIDString = 262A29F91D1CDEBC00218B8B;
			remoteInfo = NetWorkStatus;
		};
		262A2A1F1D1CDEBC00218B8B /* PBXContainerItemProxy */ = {
			isa = PBXContainerItemProxy;
			containerPortal = 262A29F21D1CDEBC00218B8B /* Project object */;
			proxyType = 1;
			remoteGlobalIDString = 262A29F91D1CDEBC00218B8B;
			remoteInfo = NetWorkStatus;
		};
/* End PBXContainerItemProxy section */

/* Begin PBXFileReference section */
		262A29FA1D1CDEBC00218B8B /* NetWorkStatus.app */ = {isa = PBXFileReference; explicitFileType = wrapper.application; includeInIndex = 0; path = NetWorkStatus.app; sourceTree = BUILT_PRODUCTS_DIR; };
		262A29FE1D1CDEBC00218B8B /* main.m */ = {isa = PBXFileReference; lastKnownFileType = sourcecode.c.objc; path = main.m; sourceTree = "<group>"; };
		262A2A001D1CDEBC00218B8B /* AppDelegate.h */ = {isa = PBXFileReference; lastKnownFileType = sourcecode.c.h; path = AppDelegate.h; sourceTree = "<group>"; };
		262A2A011D1CDEBC00218B8B /* AppDelegate.m */ = {isa = PBXFileReference; lastKnownFileType = sourcecode.c.objc; path = AppDelegate.m; sourceTree = "<group>"; };
		262A2A031D1CDEBC00218B8B /* ViewController.h */ = {isa = PBXFileReference; lastKnownFileType = sourcecode.c.h; path = ViewController.h; sourceTree = "<group>"; };
		262A2A041D1CDEBC00218B8B /* ViewController.m */ = {isa = PBXFileReference; lastKnownFileType = sourcecode.c.objc; path = ViewController.m; sourceTree = "<group>"; };
		262A2A071D1CDEBC00218B8B /* Base */ = {isa = PBXFileReference; lastKnownFileType = file.storyboard; name = Base; path = Base.lproj/Main.storyboard; sourceTree = "<group>"; };
		262A2A091D1CDEBC00218B8B /* Assets.xcassets */ = {isa = PBXFileReference; lastKnownFileType = folder.assetcatalog; path = Assets.xcassets; sourceTree = "<group>"; };
		262A2A0C1D1CDEBC00218B8B /* Base */ = {isa = PBXFileReference; lastKnownFileType = file.storyboard; name = Base; path = Base.lproj/LaunchScreen.storyboard; sourceTree = "<group>"; };
		262A2A0E1D1CDEBC00218B8B /* Info.plist */ = {isa = PBXFileReference; lastKnownFileType = text.plist.xml; path = Info.plist; sourceTree = "<group>"; };
		262A2A131D1CDEBC00218B8B /* NetWorkStatusTests.xctest */ = {isa = PBXFileReference; explicitFileType = wrapper.cfbundle; includeInIndex = 0; path = NetWorkStatusTests.xctest; sourceTree = BUILT_PRODUCTS_DIR; };
		262A2A171D1CDEBC00218B8B /* NetWorkStatusTests.m */ = {isa = PBXFileReference; lastKnownFileType = sourcecode.c.objc; path = NetWorkStatusTests.m; sourceTree = "<group>"; };
		262A2A191D1CDEBC00218B8B /* Info.plist */ = {isa = PBXFileReference; lastKnownFileType = text.plist.xml; path = Info.plist; sourceTree = "<group>"; };
		262A2A1E1D1CDEBC00218B8B /* NetWorkStatusUITests.xctest */ = {isa = PBXFileReference; explicitFileType = wrapper.cfbundle; includeInIndex = 0; path = NetWorkStatusUITests.xctest; sourceTree = BUILT_PRODUCTS_DIR; };
		262A2A221D1CDEBC00218B8B /* NetWorkStatusUITests.m */ = {isa = PBXFileReference; lastKnownFileType = sourcecode.c.objc; path = NetWorkStatusUITests.m; sourceTree = "<group>"; };
		262A2A241D1CDEBC00218B8B /* Info.plist */ = {isa = PBXFileReference; lastKnownFileType = text.plist.xml; path = Info.plist; sourceTree = "<group>"; };
		262A2A311D1CDEC800218B8B /* Reachability.h */ = {isa = PBXFileReference; fileEncoding = 4; lastKnownFileType = sourcecode.c.h; path = Reachability.h; sourceTree = "<group>"; };
		262A2A321D1CDEC800218B8B /* Reachability.m */ = {isa = PBXFileReference; fileEncoding = 4; lastKnownFileType = sourcecode.c.objc; path = Reachability.m; sourceTree = "<group>"; };
		262A2A351D1D0AF900218B8B /* YQNetworkStatus.h */ = {isa = PBXFileReference; fileEncoding = 4; lastKnownFileType = sourcecode.c.h; path = YQNetworkStatus.h; sourceTree = "<group>"; };
		262A2A361D1D0AF900218B8B /* YQNetworkStatus.m */ = {isa = PBXFileReference; fileEncoding = 4; lastKnownFileType = sourcecode.c.objc; path = YQNetworkStatus.m; sourceTree = "<group>"; };
		2694D8F11D20C0AA00112033 /* Viewcontroller1.h */ = {isa = PBXFileReference; fileEncoding = 4; lastKnownFileType = sourcecode.c.h; path = Viewcontroller1.h; sourceTree = "<group>"; };
		2694D8F21D20C0AA00112033 /* Viewcontroller1.m */ = {isa = PBXFileReference; fileEncoding = 4; lastKnownFileType = sourcecode.c.objc; path = Viewcontroller1.m; sourceTree = "<group>"; };
/* End PBXFileReference section */

/* Begin PBXFrameworksBuildPhase section */
		262A29F71D1CDEBC00218B8B /* Frameworks */ = {
			isa = PBXFrameworksBuildPhase;
			buildActionMask = 2147483647;
			files = (
			);
			runOnlyForDeploymentPostprocessing = 0;
		};
		262A2A101D1CDEBC00218B8B /* Frameworks */ = {
			isa = PBXFrameworksBuildPhase;
			buildActionMask = 2147483647;
			files = (
			);
			runOnlyForDeploymentPostprocessing = 0;
		};
		262A2A1B1D1CDEBC00218B8B /* Frameworks */ = {
			isa = PBXFrameworksBuildPhase;
			buildActionMask = 2147483647;
			files = (
			);
			runOnlyForDeploymentPostprocessing = 0;
		};
/* End PBXFrameworksBuildPhase section */

/* Begin PBXGroup section */
		262A29F11D1CDEBC00218B8B = {
			isa = PBXGroup;
			children = (
				262A29FC1D1CDEBC00218B8B /* NetWorkStatus */,
				262A2A161D1CDEBC00218B8B /* NetWorkStatusTests */,
				262A2A211D1CDEBC00218B8B /* NetWorkStatusUITests */,
				262A29FB1D1CDEBC00218B8B /* Products */,
			);
			sourceTree = "<group>";
		};
		262A29FB1D1CDEBC00218B8B /* Products */ = {
			isa = PBXGroup;
			children = (
				262A29FA1D1CDEBC00218B8B /* NetWorkStatus.app */,
				262A2A131D1CDEBC00218B8B /* NetWorkStatusTests.xctest */,
				262A2A1E1D1CDEBC00218B8B /* NetWorkStatusUITests.xctest */,
			);
			name = Products;
			sourceTree = "<group>";
		};
		262A29FC1D1CDEBC00218B8B /* NetWorkStatus */ = {
			isa = PBXGroup;
			children = (
				262A2A341D1D0AE400218B8B /* YQNetworkStatus */,
				262A2A301D1CDEC800218B8B /* Reachability */,
				262A2A001D1CDEBC00218B8B /* AppDelegate.h */,
				262A2A011D1CDEBC00218B8B /* AppDelegate.m */,
				262A2A031D1CDEBC00218B8B /* ViewController.h */,
				262A2A041D1CDEBC00218B8B /* ViewController.m */,
				262A2A061D1CDEBC00218B8B /* Main.storyboard */,
				262A2A091D1CDEBC00218B8B /* Assets.xcassets */,
				262A2A0B1D1CDEBC00218B8B /* LaunchScreen.storyboard */,
				262A2A0E1D1CDEBC00218B8B /* Info.plist */,
				262A29FD1D1CDEBC00218B8B /* Supporting Files */,
				2694D8F11D20C0AA00112033 /* Viewcontroller1.h */,
				2694D8F21D20C0AA00112033 /* Viewcontroller1.m */,
			);
			path = NetWorkStatus;
			sourceTree = "<group>";
		};
		262A29FD1D1CDEBC00218B8B /* Supporting Files */ = {
			isa = PBXGroup;
			children = (
				262A29FE1D1CDEBC00218B8B /* main.m */,
			);
			name = "Supporting Files";
			sourceTree = "<group>";
		};
		262A2A161D1CDEBC00218B8B /* NetWorkStatusTests */ = {
			isa = PBXGroup;
			children = (
				262A2A171D1CDEBC00218B8B /* NetWorkStatusTests.m */,
				262A2A191D1CDEBC00218B8B /* Info.plist */,
			);
			path = NetWorkStatusTests;
			sourceTree = "<group>";
		};
		262A2A211D1CDEBC00218B8B /* NetWorkStatusUITests */ = {
			isa = PBXGroup;
			children = (
				262A2A221D1CDEBC00218B8B /* NetWorkStatusUITests.m */,
				262A2A241D1CDEBC00218B8B /* Info.plist */,
			);
			path = NetWorkStatusUITests;
			sourceTree = "<group>";
		};
		262A2A301D1CDEC800218B8B /* Reachability */ = {
			isa = PBXGroup;
			children = (
				262A2A311D1CDEC800218B8B /* Reachability.h */,
				262A2A321D1CDEC800218B8B /* Reachability.m */,
			);
			path = Reachability;
			sourceTree = "<group>";
		};
		262A2A341D1D0AE400218B8B /* YQNetworkStatus */ = {
			isa = PBXGroup;
			children = (
				262A2A351D1D0AF900218B8B /* YQNetworkStatus.h */,
				262A2A361D1D0AF900218B8B /* YQNetworkStatus.m */,
			);
			path = YQNetworkStatus;
			sourceTree = "<group>";
		};
/* End PBXGroup section */

/* Begin PBXNativeTarget section */
		262A29F91D1CDEBC00218B8B /* NetWorkStatus */ = {
			isa = PBXNativeTarget;
			buildConfigurationList = 262A2A271D1CDEBC00218B8B /* Build configuration list for PBXNativeTarget "NetWorkStatus" */;
			buildPhases = (
				262A29F61D1CDEBC00218B8B /* Sources */,
				262A29F71D1CDEBC00218B8B /* Frameworks */,
				262A29F81D1CDEBC00218B8B /* Resources */,
			);
			buildRules = (
			);
			dependencies = (
			);
			name = NetWorkStatus;
			productName = NetWorkStatus;
			productReference = 262A29FA1D1CDEBC00218B8B /* NetWorkStatus.app */;
			productType = "com.apple.product-type.application";
		};
		262A2A121D1CDEBC00218B8B /* NetWorkStatusTests */ = {
			isa = PBXNativeTarget;
			buildConfigurationList = 262A2A2A1D1CDEBC00218B8B /* Build configuration list for PBXNativeTarget "NetWorkStatusTests" */;
			buildPhases = (
				262A2A0F1D1CDEBC00218B8B /* Sources */,
				262A2A101D1CDEBC00218B8B /* Frameworks */,
				262A2A111D1CDEBC00218B8B /* Resources */,
			);
			buildRules = (
			);
			dependencies = (
				262A2A151D1CDEBC00218B8B /* PBXTargetDependency */,
			);
			name = NetWorkStatusTests;
			productName = NetWorkStatusTests;
			productReference = 262A2A131D1CDEBC00218B8B /* NetWorkStatusTests.xctest */;
			productType = "com.apple.product-type.bundle.unit-test";
		};
		262A2A1D1D1CDEBC00218B8B /* NetWorkStatusUITests */ = {
			isa = PBXNativeTarget;
			buildConfigurationList = 262A2A2D1D1CDEBC00218B8B /* Build configuration list for PBXNativeTarget "NetWorkStatusUITests" */;
			buildPhases = (
				262A2A1A1D1CDEBC00218B8B /* Sources */,
				262A2A1B1D1CDEBC00218B8B /* Frameworks */,
				262A2A1C1D1CDEBC00218B8B /* Resources */,
			);
			buildRules = (
			);
			dependencies = (
				262A2A201D1CDEBC00218B8B /* PBXTargetDependency */,
			);
			name = NetWorkStatusUITests;
			productName = NetWorkStatusUITests;
			productReference = 262A2A1E1D1CDEBC00218B8B /* NetWorkStatusUITests.xctest */;
			productType = "com.apple.product-type.bundle.ui-testing";
		};
/* End PBXNativeTarget section */

/* Begin PBXProject section */
		262A29F21D1CDEBC00218B8B /* Project object */ = {
			isa = PBXProject;
			attributes = {
				LastUpgradeCheck = 0730;
				ORGANIZATIONNAME = Mopon;
				TargetAttributes = {
					262A29F91D1CDEBC00218B8B = {
						CreatedOnToolsVersion = 7.3.1;
						DevelopmentTeam = 3SG3638V3D;
					};
					262A2A121D1CDEBC00218B8B = {
						CreatedOnToolsVersion = 7.3.1;
						TestTargetID = 262A29F91D1CDEBC00218B8B;
					};
					262A2A1D1D1CDEBC00218B8B = {
						CreatedOnToolsVersion = 7.3.1;
						TestTargetID = 262A29F91D1CDEBC00218B8B;
					};
				};
			};
			buildConfigurationList = 262A29F51D1CDEBC00218B8B /* Build configuration list for PBXProject "NetWorkStatus" */;
			compatibilityVersion = "Xcode 3.2";
			developmentRegion = English;
			hasScannedForEncodings = 0;
			knownRegions = (
				en,
				Base,
			);
			mainGroup = 262A29F11D1CDEBC00218B8B;
			productRefGroup = 262A29FB1D1CDEBC00218B8B /* Products */;
			projectDirPath = "";
			projectRoot = "";
			targets = (
				262A29F91D1CDEBC00218B8B /* NetWorkStatus */,
				262A2A121D1CDEBC00218B8B /* NetWorkStatusTests */,
				262A2A1D1D1CDEBC00218B8B /* NetWorkStatusUITests */,
			);
		};
/* End PBXProject section */

/* Begin PBXResourcesBuildPhase section */
		262A29F81D1CDEBC00218B8B /* Resources */ = {
			isa = PBXResourcesBuildPhase;
			buildActionMask = 2147483647;
			files = (
				262A2A0D1D1CDEBC00218B8B /* LaunchScreen.storyboard in Resources */,
				262A2A0A1D1CDEBC00218B8B /* Assets.xcassets in Resources */,
				262A2A081D1CDEBC00218B8B /* Main.storyboard in Resources */,
			);
			runOnlyForDeploymentPostprocessing = 0;
		};
		262A2A111D1CDEBC00218B8B /* Resources */ = {
			isa = PBXResourcesBuildPhase;
			buildActionMask = 2147483647;
			files = (
			);
			runOnlyForDeploymentPostprocessing = 0;
		};
		262A2A1C1D1CDEBC00218B8B /* Resources */ = {
			isa = PBXResourcesBuildPhase;
			buildActionMask = 2147483647;
			files = (
			);
			runOnlyForDeploymentPostprocessing = 0;
		};
/* End PBXResourcesBuildPhase section */

/* Begin PBXSourcesBuildPhase section */
		262A29F61D1CDEBC00218B8B /* Sources */ = {
			isa = PBXSourcesBuildPhase;
			buildActionMask = 2147483647;
			files = (
				262A2A051D1CDEBC00218B8B /* ViewController.m in Sources */,
				262A2A021D1CDEBC00218B8B /* AppDelegate.m in Sources */,
				262A2A331D1CDEC800218B8B /* Reachability.m in Sources */,
				262A2A371D1D0AF900218B8B /* YQNetworkStatus.m in Sources */,
				2694D8F31D20C0AA00112033 /* Viewcontroller1.m in Sources */,
				262A29FF1D1CDEBC00218B8B /* main.m in Sources */,
			);
			runOnlyForDeploymentPostprocessing = 0;
		};
		262A2A0F1D1CDEBC00218B8B /* Sources */ = {
			isa = PBXSourcesBuildPhase;
			buildActionMask = 2147483647;
			files = (
				262A2A181D1CDEBC00218B8B /* NetWorkStatusTests.m in Sources */,
			);
			runOnlyForDeploymentPostprocessing = 0;
		};
		262A2A1A1D1CDEBC00218B8B /* Sources */ = {
			isa = PBXSourcesBuildPhase;
			buildActionMask = 2147483647;
			files = (
				262A2A231D1CDEBC00218B8B /* NetWorkStatusUITests.m in Sources */,
			);
			runOnlyForDeploymentPostprocessing = 0;
		};
/* End PBXSourcesBuildPhase section */

/* Begin PBXTargetDependency section */
		262A2A151D1CDEBC00218B8B /* PBXTargetDependency */ = {
			isa = PBXTargetDependency;
			target = 262A29F91D1CDEBC00218B8B /* NetWorkStatus */;
			targetProxy = 262A2A141D1CDEBC00218B8B /* PBXContainerItemProxy */;
		};
		262A2A201D1CDEBC00218B8B /* PBXTargetDependency */ = {
			isa = PBXTargetDependency;
			target = 262A29F91D1CDEBC00218B8B /* NetWorkStatus */;
			targetProxy = 262A2A1F1D1CDEBC00218B8B /* PBXContainerItemProxy */;
		};
/* End PBXTargetDependency section */

/* Begin PBXVariantGroup section */
		262A2A061D1CDEBC00218B8B /* Main.storyboard */ = {
			isa = PBXVariantGroup;
			children = (
				262A2A071D1CDEBC00218B8B /* Base */,
			);
			name = Main.storyboard;
			sourceTree = "<group>";
		};
		262A2A0B1D1CDEBC00218B8B /* LaunchScreen.storyboard */ = {
			isa = PBXVariantGroup;
			children = (
				262A2A0C1D1CDEBC00218B8B /* Base */,
			);
			name = LaunchScreen.storyboard;
			sourceTree = "<group>";
		};
/* End PBXVariantGroup section */

/* Begin XCBuildConfiguration section */
		262A2A251D1CDEBC00218B8B /* Debug */ = {
			isa = XCBuildConfiguration;
			buildSettings = {
				ALWAYS_SEARCH_USER_PATHS = NO;
				CLANG_ANALYZER_NONNULL = YES;
				CLANG_CXX_LANGUAGE_STANDARD = "gnu++0x";
				CLANG_CXX_LIBRARY = "libc++";
				CLANG_ENABLE_MODULES = YES;
				CLANG_ENABLE_OBJC_ARC = YES;
				CLANG_WARN_BOOL_CONVERSION = YES;
				CLANG_WARN_CONSTANT_CONVERSION = YES;
				CLANG_WARN_DIRECT_OBJC_ISA_USAGE = YES_ERROR;
				CLANG_WARN_EMPTY_BODY = YES;
				CLANG_WARN_ENUM_CONVERSION = YES;
				CLANG_WARN_INT_CONVERSION = YES;
				CLANG_WARN_OBJC_ROOT_CLASS = YES_ERROR;
				CLANG_WARN_UNREACHABLE_CODE = YES;
				CLANG_WARN__DUPLICATE_METHOD_MATCH = YES;
				"CODE_SIGN_IDENTITY[sdk=iphoneos*]" = "iPhone Developer";
				COPY_PHASE_STRIP = NO;
				DEBUG_INFORMATION_FORMAT = dwarf;
				ENABLE_STRICT_OBJC_MSGSEND = YES;
				ENABLE_TESTABILITY = YES;
				GCC_C_LANGUAGE_STANDARD = gnu99;
				GCC_DYNAMIC_NO_PIC = NO;
				GCC_NO_COMMON_BLOCKS = YES;
				GCC_OPTIMIZATION_LEVEL = 0;
				GCC_PREPROCESSOR_DEFINITIONS = (
					"DEBUG=1",
					"$(inherited)",
				);
				GCC_WARN_64_TO_32_BIT_CONVERSION = YES;
				GCC_WARN_ABOUT_RETURN_TYPE = YES_ERROR;
				GCC_WARN_UNDECLARED_SELECTOR = YES;
				GCC_WARN_UNINITIALIZED_AUTOS = YES_AGGRESSIVE;
				GCC_WARN_UNUSED_FUNCTION = YES;
				GCC_WARN_UNUSED_VARIABLE = YES;
				IPHONEOS_DEPLOYMENT_TARGET = 9.3;
				MTL_ENABLE_DEBUG_INFO = YES;
				ONLY_ACTIVE_ARCH = YES;
				SDKROOT = iphoneos;
				TARGETED_DEVICE_FAMILY = "1,2";
			};
			name = Debug;
		};
		262A2A261D1CDEBC00218B8B /* Release */ = {
			isa = XCBuildConfiguration;
			buildSettings = {
				ALWAYS_SEARCH_USER_PATHS = NO;
				CLANG_ANALYZER_NONNULL = YES;
				CLANG_CXX_LANGUAGE_STANDARD = "gnu++0x";
				CLANG_CXX_LIBRARY = "libc++";
				CLANG_ENABLE_MODULES = YES;
				CLANG_ENABLE_OBJC_ARC = YES;
				CLANG_WARN_BOOL_CONVERSION = YES;
				CLANG_WARN_CONSTANT_CONVERSION = YES;
				CLANG_WARN_DIRECT_OBJC_ISA_USAGE = YES_ERROR;
				CLANG_WARN_EMPTY_BODY = YES;
				CLANG_WARN_ENUM_CONVERSION = YES;
				CLANG_WARN_INT_CONVERSION = YES;
				CLANG_WARN_OBJC_ROOT_CLASS = YES_ERROR;
				CLANG_WARN_UNREACHABLE_CODE = YES;
				CLANG_WARN__DUPLICATE_METHOD_MATCH = YES;
				"CODE_SIGN_IDENTITY[sdk=iphoneos*]" = "iPhone Developer";
				COPY_PHASE_STRIP = NO;
				DEBUG_INFORMATION_FORMAT = "dwarf-with-dsym";
				ENABLE_NS_ASSERTIONS = NO;
				ENABLE_STRICT_OBJC_MSGSEND = YES;
				GCC_C_LANGUAGE_STANDARD = gnu99;
				GCC_NO_COMMON_BLOCKS = YES;
				GCC_WARN_64_TO_32_BIT_CONVERSION = YES;
				GCC_WARN_ABOUT_RETURN_TYPE = YES_ERROR;
				GCC_WARN_UNDECLARED_SELECTOR = YES;
				GCC_WARN_UNINITIALIZED_AUTOS = YES_AGGRESSIVE;
				GCC_WARN_UNUSED_FUNCTION = YES;
				GCC_WARN_UNUSED_VARIABLE = YES;
				IPHONEOS_DEPLOYMENT_TARGET = 9.3;
				MTL_ENABLE_DEBUG_INFO = NO;
				SDKROOT = iphoneos;
				TARGETED_DEVICE_FAMILY = "1,2";
				VALIDATE_PRODUCT = YES;
			};
			name = Release;
		};
		262A2A281D1CDEBC00218B8B /* Debug */ = {
			isa = XCBuildConfiguration;
			buildSettings = {
				ASSETCATALOG_COMPILER_APPICON_NAME = AppIcon;
				CODE_SIGN_IDENTITY = "iPhone Developer";
				INFOPLIST_FILE = NetWorkStatus/Info.plist;
				IPHONEOS_DEPLOYMENT_TARGET = 8.4;
				LD_RUNPATH_SEARCH_PATHS = "$(inherited) @executable_path/Frameworks";
				PRODUCT_BUNDLE_IDENTIFIER = com.mopon.NetWorkStatus;
				PRODUCT_NAME = "$(TARGET_NAME)";
			};
			name = Debug;
		};
		262A2A291D1CDEBC00218B8B /* Release */ = {
			isa = XCBuildConfiguration;
			buildSettings = {
				ASSETCATALOG_COMPILER_APPICON_NAME = AppIcon;
				CODE_SIGN_IDENTITY = "iPhone Developer";
				INFOPLIST_FILE = NetWorkStatus/Info.plist;
				IPHONEOS_DEPLOYMENT_TARGET = 8.4;
				LD_RUNPATH_SEARCH_PATHS = "$(inherited) @executable_path/Frameworks";
				PRODUCT_BUNDLE_IDENTIFIER = com.mopon.NetWorkStatus;
				PRODUCT_NAME = "$(TARGET_NAME)";
			};
			name = Release;
		};
		262A2A2B1D1CDEBC00218B8B /* Debug */ = {
			isa = XCBuildConfiguration;
			buildSettings = {
				BUNDLE_LOADER = "$(TEST_HOST)";
				INFOPLIST_FILE = NetWorkStatusTests/Info.plist;
				LD_RUNPATH_SEARCH_PATHS = "$(inherited) @executable_path/Frameworks @loader_path/Frameworks";
				PRODUCT_BUNDLE_IDENTIFIER = com.mopon.NetWorkStatusTests;
				PRODUCT_NAME = "$(TARGET_NAME)";
				TEST_HOST = "$(BUILT_PRODUCTS_DIR)/NetWorkStatus.app/NetWorkStatus";
			};
			name = Debug;
		};
		262A2A2C1D1CDEBC00218B8B /* Release */ = {
			isa = XCBuildConfiguration;
			buildSettings = {
				BUNDLE_LOADER = "$(TEST_HOST)";
				INFOPLIST_FILE = NetWorkStatusTests/Info.plist;
				LD_RUNPATH_SEARCH_PATHS = "$(inherited) @executable_path/Frameworks @loader_path/Frameworks";
				PRODUCT_BUNDLE_IDENTIFIER = com.mopon.NetWorkStatusTests;
				PRODUCT_NAME = "$(TARGET_NAME)";
				TEST_HOST = "$(BUILT_PRODUCTS_DIR)/NetWorkStatus.app/NetWorkStatus";
			};
			name = Release;
		};
		262A2A2E1D1CDEBC00218B8B /* Debug */ = {
			isa = XCBuildConfiguration;
			buildSettings = {
				INFOPLIST_FILE = NetWorkStatusUITests/Info.plist;
				LD_RUNPATH_SEARCH_PATHS = "$(inherited) @executable_path/Frameworks @loader_path/Frameworks";
				PRODUCT_BUNDLE_IDENTIFIER = com.mopon.NetWorkStatusUITests;
				PRODUCT_NAME = "$(TARGET_NAME)";
				TEST_TARGET_NAME = NetWorkStatus;
			};
			name = Debug;
		};
		262A2A2F1D1CDEBC00218B8B /* Release */ = {
			isa = XCBuildConfiguration;
			buildSettings = {
				INFOPLIST_FILE = NetWorkStatusUITests/Info.plist;
				LD_RUNPATH_SEARCH_PATHS = "$(inherited) @executable_path/Frameworks @loader_path/Frameworks";
				PRODUCT_BUNDLE_IDENTIFIER = com.mopon.NetWorkStatusUITests;
				PRODUCT_NAME = "$(TARGET_NAME)";
				TEST_TARGET_NAME = NetWorkStatus;
			};
			name = Release;
		};
/* End XCBuildConfiguration section */

/* Begin XCConfigurationList section */
		262A29F51D1CDEBC00218B8B /* Build configuration list for PBXProject "NetWorkStatus" */ = {
			isa = XCConfigurationList;
			buildConfigurations = (
				262A2A251D1CDEBC00218B8B /* Debug */,
				262A2A261D1CDEBC00218B8B /* Release */,
			);
			defaultConfigurationIsVisible = 0;
			defaultConfigurationName = Release;
		};
		262A2A271D1CDEBC00218B8B /* Build configuration list for PBXNativeTarget "NetWorkStatus" */ = {
			isa = XCConfigurationList;
			buildConfigurations = (
				262A2A281D1CDEBC00218B8B /* Debug */,
				262A2A291D1CDEBC00218B8B /* Release */,
			);
			defaultConfigurationIsVisible = 0;
			defaultConfigurationName = Release;
		};
		262A2A2A1D1CDEBC00218B8B /* Build configuration list for PBXNativeTarget "NetWorkStatusTests" */ = {
			isa = XCConfigurationList;
			buildConfigurations = (
				262A2A2B1D1CDEBC00218B8B /* Debug */,
				262A2A2C1D1CDEBC00218B8B /* Release */,
			);
			defaultConfigurationIsVisible = 0;
			defaultConfigurationName = Release;
		};
		262A2A2D1D1CDEBC00218B8B /* Build configuration list for PBXNativeTarget "NetWorkStatusUITests" */ = {
			isa = XCConfigurationList;
			buildConfigurations = (
				262A2A2E1D1CDEBC00218B8B /* Debug */,
				262A2A2F1D1CDEBC00218B8B /* Release */,
			);
			defaultConfigurationIsVisible = 0;
			defaultConfigurationName = Release;
		};
/* End XCConfigurationList section */
	};
	rootObject = 262A29F21D1CDEBC00218B8B /* Project object */;
}
